
Microsoft Visual Studio Solution File, Format Version 12.00
# Visual Studio Version 17
VisualStudioVersion = 17.7.34031.279
MinimumVisualStudioVersion = 10.0.40219.1
Project("{FAE04EC0-301F-11D3-BF4B-00C04F79EFBC}") = "ChipsFastFood", "ChipsFastFood\ChipsFastFood.csproj", "{8B0ECC8C-253C-4950-A49F-4228D06725F0}"
EndProject
Global
	GlobalSection(SolutionConfigurationPlatforms) = preSolution
		Debug|Any CPU = Debug|Any CPU
		Release|Any CPU = Release|Any CPU
	EndGlobalSection
	GlobalSection(ProjectConfigurationPlatforms) = postSolution
		{8B0ECC8C-253C-4950-A49F-4228D06725F0}.Debug|Any CPU.ActiveCfg = Debug|Any CPU
		{8B0ECC8C-253C-4950-A49F-4228D06725F0}.Debug|Any CPU.Build.0 = Debug|Any CPU
		{8B0ECC8C-253C-4950-A49F-4228D06725F0}.Release|Any CPU.ActiveCfg = Release|Any CPU
		{8B0ECC8C-253C-4950-A49F-4228D06725F0}.Release|Any CPU.Build.0 = Release|Any CPU
	EndGlobalSection
	GlobalSection(SolutionProperties) = preSolution
		HideSolutionNode = FALSE
	EndGlobalSection
	GlobalSection(ExtensibilityGlobals) = postSolution
		SolutionGuid = {70A8F3A0-1A1E-476A-A400-B17A70AD27E2}
	EndGlobalSection
EndGlobal
